
Microsoft Visual Studio Solution File, Format Version 12.00
# Visual Studio Version 16
VisualStudioVersion = 16.0.29709.97
MinimumVisualStudioVersion = 10.0.40219.1
Project("{FAE04EC0-301F-11D3-BF4B-00C04F79EFBC}") = "FactoryPatternExample", "FactoryPattern\FactoryPatternExample.csproj", "{877BB2CA-B180-4AEB-BC2E-21BBEECC20B9}"
EndProject
Project("{FAE04EC0-301F-11D3-BF4B-00C04F79EFBC}") = "Interfaces", "Interfaces\Interfaces.csproj", "{45DBB448-D40A-4689-AA0D-3EC92442D0C8}"
EndProject
Project("{FAE04EC0-301F-11D3-BF4B-00C04F79EFBC}") = "AbstractClasses", "AbstractClasses\AbstractClasses.csproj", "{56504B8E-28CB-4A0C-839B-473F70EAB8B2}"
EndProject
Global
	GlobalSection(SolutionConfigurationPlatforms) = preSolution
		Debug|Any CPU = Debug|Any CPU
		Release|Any CPU = Release|Any CPU
	EndGlobalSection
	GlobalSection(ProjectConfigurationPlatforms) = postSolution
		{877BB2CA-B180-4AEB-BC2E-21BBEECC20B9}.Debug|Any CPU.ActiveCfg = Debug|Any CPU
		{877BB2CA-B180-4AEB-BC2E-21BBEECC20B9}.Debug|Any CPU.Build.0 = Debug|Any CPU
		{877BB2CA-B180-4AEB-BC2E-21BBEECC20B9}.Release|Any CPU.ActiveCfg = Release|Any CPU
		{877BB2CA-B180-4AEB-BC2E-21BBEECC20B9}.Release|Any CPU.Build.0 = Release|Any CPU
		{45DBB448-D40A-4689-AA0D-3EC92442D0C8}.Debug|Any CPU.ActiveCfg = Debug|Any CPU
		{45DBB448-D40A-4689-AA0D-3EC92442D0C8}.Debug|Any CPU.Build.0 = Debug|Any CPU
		{45DBB448-D40A-4689-AA0D-3EC92442D0C8}.Release|Any CPU.ActiveCfg = Release|Any CPU
		{45DBB448-D40A-4689-AA0D-3EC92442D0C8}.Release|Any CPU.Build.0 = Release|Any CPU
		{56504B8E-28CB-4A0C-839B-473F70EAB8B2}.Debug|Any CPU.ActiveCfg = Debug|Any CPU
		{56504B8E-28CB-4A0C-839B-473F70EAB8B2}.Debug|Any CPU.Build.0 = Debug|Any CPU
		{56504B8E-28CB-4A0C-839B-473F70EAB8B2}.Release|Any CPU.ActiveCfg = Release|Any CPU
		{56504B8E-28CB-4A0C-839B-473F70EAB8B2}.Release|Any CPU.Build.0 = Release|Any CPU
	EndGlobalSection
	GlobalSection(SolutionProperties) = preSolution
		HideSolutionNode = FALSE
	EndGlobalSection
	GlobalSection(ExtensibilityGlobals) = postSolution
		SolutionGuid = {561ED3EB-8CCA-49D9-AC31-99C9B7B513A7}
	EndGlobalSection
EndGlobal
